
Microsoft Visual Studio Solution File, Format Version 12.00
# Visual Studio Version 17
VisualStudioVersion = 17.12.35527.113
MinimumVisualStudioVersion = 10.0.40219.1
Project("{FAE04EC0-301F-11D3-BF4B-00C04F79EFBC}") = "Sellorio.Substripper", "Sellorio.Substripper\Sellorio.Substripper.csproj", "{F50DBBE2-1611-4A7B-8D40-8B214FD1120E}"
EndProject
Project("{2150E333-8FDC-42A3-9474-1A3956D46DE8}") = "Solution Items", "Solution Items", "{84EE0832-7C5F-49AF-85AF-1AB589B0490D}"
	ProjectSection(SolutionItems) = preProject
		.gitignore = .gitignore
		readme.md = readme.md
	EndProjectSection
EndProject
Project("{E53339B2-1760-4266-BCC7-CA923CBCF16C}") = "docker-compose", "docker-compose.dcproj", "{25E1F96A-6314-44A3-818C-69A3CB9DF30A}"
EndProject
Global
	GlobalSection(SolutionConfigurationPlatforms) = preSolution
		Debug|Any CPU = Debug|Any CPU
		Release|Any CPU = Release|Any CPU
	EndGlobalSection
	GlobalSection(ProjectConfigurationPlatforms) = postSolution
		{F50DBBE2-1611-4A7B-8D40-8B214FD1120E}.Debug|Any CPU.ActiveCfg = Debug|Any CPU
		{F50DBBE2-1611-4A7B-8D40-8B214FD1120E}.Debug|Any CPU.Build.0 = Debug|Any CPU
		{F50DBBE2-1611-4A7B-8D40-8B214FD1120E}.Release|Any CPU.ActiveCfg = Release|Any CPU
		{F50DBBE2-1611-4A7B-8D40-8B214FD1120E}.Release|Any CPU.Build.0 = Release|Any CPU
		{25E1F96A-6314-44A3-818C-69A3CB9DF30A}.Debug|Any CPU.ActiveCfg = Debug|Any CPU
		{25E1F96A-6314-44A3-818C-69A3CB9DF30A}.Debug|Any CPU.Build.0 = Debug|Any CPU
		{25E1F96A-6314-44A3-818C-69A3CB9DF30A}.Release|Any CPU.ActiveCfg = Release|Any CPU
		{25E1F96A-6314-44A3-818C-69A3CB9DF30A}.Release|Any CPU.Build.0 = Release|Any CPU
	EndGlobalSection
	GlobalSection(SolutionProperties) = preSolution
		HideSolutionNode = FALSE
	EndGlobalSection
EndGlobal
